
Microsoft Visual Studio Solution File, Format Version 12.00
# Visual Studio Version 16
VisualStudioVersion = 16.0.31729.503
MinimumVisualStudioVersion = 10.0.40219.1
Project("{FAE04EC0-301F-11D3-BF4B-00C04F79EFBC}") = "NSOL.SeparateFileLogger", "NSOL.SeparateFileLogger\NSOL.SeparateFileLogger.csproj", "{57181D5B-BF72-4FC4-B01A-8D65CE9F0818}"
EndProject
Global
	GlobalSection(SolutionConfigurationPlatforms) = preSolution
		Debug|Any CPU = Debug|Any CPU
		Release|Any CPU = Release|Any CPU
	EndGlobalSection
	GlobalSection(ProjectConfigurationPlatforms) = postSolution
		{57181D5B-BF72-4FC4-B01A-8D65CE9F0818}.Debug|Any CPU.ActiveCfg = Debug|Any CPU
		{57181D5B-BF72-4FC4-B01A-8D65CE9F0818}.Debug|Any CPU.Build.0 = Debug|Any CPU
		{57181D5B-BF72-4FC4-B01A-8D65CE9F0818}.Release|Any CPU.ActiveCfg = Release|Any CPU
		{57181D5B-BF72-4FC4-B01A-8D65CE9F0818}.Release|Any CPU.Build.0 = Release|Any CPU
	EndGlobalSection
	GlobalSection(SolutionProperties) = preSolution
		HideSolutionNode = FALSE
	EndGlobalSection
	GlobalSection(ExtensibilityGlobals) = postSolution
		SolutionGuid = {EC436A6C-4A99-4F3E-AFAC-CDF0FD71B1FA}
	EndGlobalSection
EndGlobal
